// !$*UTF8*$!
{
	archiveVersion = 1;
	classes = {
	};
	objectVersion = 50;
	objects = {

/* Begin PBXBuildFile section */
		A01FA27A24642CB500A02DDC /* AnyMediaToolbox.h in Headers */ = {isa = PBXBuildFile; fileRef = A01FA27824642CB500A02DDC /* AnyMediaToolbox.h */; settings = {ATTRIBUTES = (Public, ); }; };
		A01FA2A024642FEA00A02DDC /* VTCompressionPropertyKey.swift in Sources */ = {isa = PBXBuildFile; fileRef = A01FA28224642FEA00A02DDC /* VTCompressionPropertyKey.swift */; };
		A01FA2A124642FEA00A02DDC /* VTProfileLevel.swift in Sources */ = {isa = PBXBuildFile; fileRef = A01FA28324642FEA00A02DDC /* VTProfileLevel.swift */; };
		A01FA2A224642FEA00A02DDC /* VTScalingMode.swift in Sources */ = {isa = PBXBuildFile; fileRef = A01FA28424642FEA00A02DDC /* VTScalingMode.swift */; };
		A01FA2A724642FEA00A02DDC /* AVCDecoderConfigurationRecord.swift in Sources */ = {isa = PBXBuildFile; fileRef = A01FA28D24642FEA00A02DDC /* AVCDecoderConfigurationRecord.swift */; };
		A01FA2A924642FEA00A02DDC /* HEVCDecoderConfigurationRecord.swift in Sources */ = {isa = PBXBuildFile; fileRef = A01FA28F24642FEA00A02DDC /* HEVCDecoderConfigurationRecord.swift */; };
		A01FA2AA24642FEA00A02DDC /* ChannelConfiguration.swift in Sources */ = {isa = PBXBuildFile; fileRef = A01FA29124642FEA00A02DDC /* ChannelConfiguration.swift */; };
		A01FA2AB24642FEA00A02DDC /* AudioSpecificConfig.swift in Sources */ = {isa = PBXBuildFile; fileRef = A01FA29224642FEA00A02DDC /* AudioSpecificConfig.swift */; };
		A01FA2AC24642FEA00A02DDC /* AudioObjectType.swift in Sources */ = {isa = PBXBuildFile; fileRef = A01FA29324642FEA00A02DDC /* AudioObjectType.swift */; };
		A01FA2AD24642FEA00A02DDC /* SamplingFrequency.swift in Sources */ = {isa = PBXBuildFile; fileRef = A01FA29424642FEA00A02DDC /* SamplingFrequency.swift */; };
		A01FA2AE24642FEA00A02DDC /* Ex+CMFormatDescription.swift in Sources */ = {isa = PBXBuildFile; fileRef = A01FA29624642FEA00A02DDC /* Ex+CMFormatDescription.swift */; };
		A01FA2AF24642FEA00A02DDC /* Ex+Bool.swift in Sources */ = {isa = PBXBuildFile; fileRef = A01FA29724642FEA00A02DDC /* Ex+Bool.swift */; };
		A01FA2B024642FEA00A02DDC /* Ex+CMBlockBuffer.swift in Sources */ = {isa = PBXBuildFile; fileRef = A01FA29824642FEA00A02DDC /* Ex+CMBlockBuffer.swift */; };
		A01FA2B124642FEA00A02DDC /* Ex+AudioStreamBasicDescription.swift in Sources */ = {isa = PBXBuildFile; fileRef = A01FA29924642FEA00A02DDC /* Ex+AudioStreamBasicDescription.swift */; };
		A01FA2B224642FEA00A02DDC /* Ex+VTCompressionSession.swift in Sources */ = {isa = PBXBuildFile; fileRef = A01FA29A24642FEA00A02DDC /* Ex+VTCompressionSession.swift */; };
		A01FA2B324642FEA00A02DDC /* Ex+CMSampleBuffer.swift in Sources */ = {isa = PBXBuildFile; fileRef = A01FA29B24642FEA00A02DDC /* Ex+CMSampleBuffer.swift */; };
		A01FA2B524642FEA00A02DDC /* H264Encoder.swift in Sources */ = {isa = PBXBuildFile; fileRef = A01FA29F24642FEA00A02DDC /* H264Encoder.swift */; };
		A05824492498B8860006E2D1 /* AudioPCMBuffer.swift in Sources */ = {isa = PBXBuildFile; fileRef = A05824422498B8860006E2D1 /* AudioPCMBuffer.swift */; };
		A058244A2498B8860006E2D1 /* VideoBuffer.swift in Sources */ = {isa = PBXBuildFile; fileRef = A05824432498B8860006E2D1 /* VideoBuffer.swift */; };
		A058244B2498B8860006E2D1 /* AudioBuffer.swift in Sources */ = {isa = PBXBuildFile; fileRef = A05824442498B8860006E2D1 /* AudioBuffer.swift */; };
		A058244C2498B8860006E2D1 /* VideoH264Buffer.swift in Sources */ = {isa = PBXBuildFile; fileRef = A05824452498B8860006E2D1 /* VideoH264Buffer.swift */; };
		A058244D2498B8860006E2D1 /* AudioAACBuffer.swift in Sources */ = {isa = PBXBuildFile; fileRef = A05824462498B8860006E2D1 /* AudioAACBuffer.swift */; };
		A058244E2498B8860006E2D1 /* MediaBuffer.swift in Sources */ = {isa = PBXBuildFile; fileRef = A05824472498B8860006E2D1 /* MediaBuffer.swift */; };
		A058244F2498B8860006E2D1 /* VideoPixelBuffer.swift in Sources */ = {isa = PBXBuildFile; fileRef = A05824482498B8860006E2D1 /* VideoPixelBuffer.swift */; };
		C78F56CE2938060A68855D9B /* Pods_AnyMediaToolbox.framework in Frameworks */ = {isa = PBXBuildFile; fileRef = 4121FA1A3E6A5C75040E0763 /* Pods_AnyMediaToolbox.framework */; };
/* End PBXBuildFile section */

/* Begin PBXFileReference section */
		07AA2F2F73498914EA64D4BA /* Pods-AnyMediaToolbox.release.xcconfig */ = {isa = PBXFileReference; includeInIndex = 1; lastKnownFileType = text.xcconfig; name = "Pods-AnyMediaToolbox.release.xcconfig"; path = "Target Support Files/Pods-AnyMediaToolbox/Pods-AnyMediaToolbox.release.xcconfig"; sourceTree = "<group>"; };
		4121FA1A3E6A5C75040E0763 /* Pods_AnyMediaToolbox.framework */ = {isa = PBXFileReference; explicitFileType = wrapper.framework; includeInIndex = 0; path = Pods_AnyMediaToolbox.framework; sourceTree = BUILT_PRODUCTS_DIR; };
		A01FA27524642CB500A02DDC /* AnyMediaToolbox.framework */ = {isa = PBXFileReference; explicitFileType = wrapper.framework; includeInIndex = 0; path = AnyMediaToolbox.framework; sourceTree = BUILT_PRODUCTS_DIR; };
		A01FA27824642CB500A02DDC /* AnyMediaToolbox.h */ = {isa = PBXFileReference; lastKnownFileType = sourcecode.c.h; path = AnyMediaToolbox.h; sourceTree = "<group>"; };
		A01FA27924642CB500A02DDC /* Info.plist */ = {isa = PBXFileReference; lastKnownFileType = text.plist.xml; path = Info.plist; sourceTree = "<group>"; };
		A01FA28224642FEA00A02DDC /* VTCompressionPropertyKey.swift */ = {isa = PBXFileReference; fileEncoding = 4; lastKnownFileType = sourcecode.swift; name = VTCompressionPropertyKey.swift; path = VideoTool/VTCompressionPropertyKey.swift; sourceTree = "<group>"; };
		A01FA28324642FEA00A02DDC /* VTProfileLevel.swift */ = {isa = PBXFileReference; fileEncoding = 4; lastKnownFileType = sourcecode.swift; name = VTProfileLevel.swift; path = VideoTool/VTProfileLevel.swift; sourceTree = "<group>"; };
		A01FA28424642FEA00A02DDC /* VTScalingMode.swift */ = {isa = PBXFileReference; fileEncoding = 4; lastKnownFileType = sourcecode.swift; name = VTScalingMode.swift; path = VideoTool/VTScalingMode.swift; sourceTree = "<group>"; };
		A01FA28D24642FEA00A02DDC /* AVCDecoderConfigurationRecord.swift */ = {isa = PBXFileReference; fileEncoding = 4; lastKnownFileType = sourcecode.swift; path = AVCDecoderConfigurationRecord.swift; sourceTree = "<group>"; };
		A01FA28F24642FEA00A02DDC /* HEVCDecoderConfigurationRecord.swift */ = {isa = PBXFileReference; fileEncoding = 4; lastKnownFileType = sourcecode.swift; path = HEVCDecoderConfigurationRecord.swift; sourceTree = "<group>"; };
		A01FA29124642FEA00A02DDC /* ChannelConfiguration.swift */ = {isa = PBXFileReference; fileEncoding = 4; lastKnownFileType = sourcecode.swift; path = ChannelConfiguration.swift; sourceTree = "<group>"; };
		A01FA29224642FEA00A02DDC /* AudioSpecificConfig.swift */ = {isa = PBXFileReference; fileEncoding = 4; lastKnownFileType = sourcecode.swift; path = AudioSpecificConfig.swift; sourceTree = "<group>"; };
		A01FA29324642FEA00A02DDC /* AudioObjectType.swift */ = {isa = PBXFileReference; fileEncoding = 4; lastKnownFileType = sourcecode.swift; path = AudioObjectType.swift; sourceTree = "<group>"; };
		A01FA29424642FEA00A02DDC /* SamplingFrequency.swift */ = {isa = PBXFileReference; fileEncoding = 4; lastKnownFileType = sourcecode.swift; path = SamplingFrequency.swift; sourceTree = "<group>"; };
		A01FA29624642FEA00A02DDC /* Ex+CMFormatDescription.swift */ = {isa = PBXFileReference; fileEncoding = 4; lastKnownFileType = sourcecode.swift; path = "Ex+CMFormatDescription.swift"; sourceTree = "<group>"; };
		A01FA29724642FEA00A02DDC /* Ex+Bool.swift */ = {isa = PBXFileReference; fileEncoding = 4; lastKnownFileType = sourcecode.swift; path = "Ex+Bool.swift"; sourceTree = "<group>"; };
		A01FA29824642FEA00A02DDC /* Ex+CMBlockBuffer.swift */ = {isa = PBXFileReference; fileEncoding = 4; lastKnownFileType = sourcecode.swift; path = "Ex+CMBlockBuffer.swift"; sourceTree = "<group>"; };
		A01FA29924642FEA00A02DDC /* Ex+AudioStreamBasicDescription.swift */ = {isa = PBXFileReference; fileEncoding = 4; lastKnownFileType = sourcecode.swift; path = "Ex+AudioStreamBasicDescription.swift"; sourceTree = "<group>"; };
		A01FA29A24642FEA00A02DDC /* Ex+VTCompressionSession.swift */ = {isa = PBXFileReference; fileEncoding = 4; lastKnownFileType = sourcecode.swift; path = "Ex+VTCompressionSession.swift"; sourceTree = "<group>"; };
		A01FA29B24642FEA00A02DDC /* Ex+CMSampleBuffer.swift */ = {isa = PBXFileReference; fileEncoding = 4; lastKnownFileType = sourcecode.swift; path = "Ex+CMSampleBuffer.swift"; sourceTree = "<group>"; };
		A01FA29F24642FEA00A02DDC /* H264Encoder.swift */ = {isa = PBXFileReference; fileEncoding = 4; lastKnownFileType = sourcecode.swift; path = H264Encoder.swift; sourceTree = "<group>"; };
		A05824422498B8860006E2D1 /* AudioPCMBuffer.swift */ = {isa = PBXFileReference; fileEncoding = 4; lastKnownFileType = sourcecode.swift; path = AudioPCMBuffer.swift; sourceTree = "<group>"; };
		A05824432498B8860006E2D1 /* VideoBuffer.swift */ = {isa = PBXFileReference; fileEncoding = 4; lastKnownFileType = sourcecode.swift; path = VideoBuffer.swift; sourceTree = "<group>"; };
		A05824442498B8860006E2D1 /* AudioBuffer.swift */ = {isa = PBXFileReference; fileEncoding = 4; lastKnownFileType = sourcecode.swift; path = AudioBuffer.swift; sourceTree = "<group>"; };
		A05824452498B8860006E2D1 /* VideoH264Buffer.swift */ = {isa = PBXFileReference; fileEncoding = 4; lastKnownFileType = sourcecode.swift; path = VideoH264Buffer.swift; sourceTree = "<group>"; };
		A05824462498B8860006E2D1 /* AudioAACBuffer.swift */ = {isa = PBXFileReference; fileEncoding = 4; lastKnownFileType = sourcecode.swift; path = AudioAACBuffer.swift; sourceTree = "<group>"; };
		A05824472498B8860006E2D1 /* MediaBuffer.swift */ = {isa = PBXFileReference; fileEncoding = 4; lastKnownFileType = sourcecode.swift; path = MediaBuffer.swift; sourceTree = "<group>"; };
		A05824482498B8860006E2D1 /* VideoPixelBuffer.swift */ = {isa = PBXFileReference; fileEncoding = 4; lastKnownFileType = sourcecode.swift; path = VideoPixelBuffer.swift; sourceTree = "<group>"; };
		A06918642464FEBD00A4E117 /* README.md */ = {isa = PBXFileReference; fileEncoding = 4; lastKnownFileType = net.daringfireball.markdown; path = README.md; sourceTree = "<group>"; };
		A06918652464FEBD00A4E117 /* AnyMediaToolbox.podspec */ = {isa = PBXFileReference; fileEncoding = 4; lastKnownFileType = text; path = AnyMediaToolbox.podspec; sourceTree = "<group>"; };
		A06918662464FEBD00A4E117 /* LICENSE */ = {isa = PBXFileReference; fileEncoding = 4; lastKnownFileType = text; path = LICENSE; sourceTree = "<group>"; };
		AF14851C3C115F58F6236B3B /* Pods-AnyMediaToolbox.debug.xcconfig */ = {isa = PBXFileReference; includeInIndex = 1; lastKnownFileType = text.xcconfig; name = "Pods-AnyMediaToolbox.debug.xcconfig"; path = "Target Support Files/Pods-AnyMediaToolbox/Pods-AnyMediaToolbox.debug.xcconfig"; sourceTree = "<group>"; };
/* End PBXFileReference section */

/* Begin PBXFrameworksBuildPhase section */
		A01FA27224642CB500A02DDC /* Frameworks */ = {
			isa = PBXFrameworksBuildPhase;
			buildActionMask = 2147483647;
			files = (
				C78F56CE2938060A68855D9B /* Pods_AnyMediaToolbox.framework in Frameworks */,
			);
			runOnlyForDeploymentPostprocessing = 0;
		};
/* End PBXFrameworksBuildPhase section */

/* Begin PBXGroup section */
		763FEB9895A93A480C009AFF /* Pods */ = {
			isa = PBXGroup;
			children = (
				AF14851C3C115F58F6236B3B /* Pods-AnyMediaToolbox.debug.xcconfig */,
				07AA2F2F73498914EA64D4BA /* Pods-AnyMediaToolbox.release.xcconfig */,
			);
			path = Pods;
			sourceTree = "<group>";
		};
		A01FA26B24642CB500A02DDC = {
			isa = PBXGroup;
			children = (
				A06918652464FEBD00A4E117 /* AnyMediaToolbox.podspec */,
				A06918662464FEBD00A4E117 /* LICENSE */,
				A06918642464FEBD00A4E117 /* README.md */,
				A01FA27724642CB500A02DDC /* Sources */,
				A01FA27624642CB500A02DDC /* Products */,
				763FEB9895A93A480C009AFF /* Pods */,
				EA43EC27BAC6D0A1CE025446 /* Frameworks */,
			);
			sourceTree = "<group>";
		};
		A01FA27624642CB500A02DDC /* Products */ = {
			isa = PBXGroup;
			children = (
				A01FA27524642CB500A02DDC /* AnyMediaToolbox.framework */,
			);
			name = Products;
			sourceTree = "<group>";
		};
		A01FA27724642CB500A02DDC /* Sources */ = {
			isa = PBXGroup;
			children = (
				A01FA27824642CB500A02DDC /* AnyMediaToolbox.h */,
				A01FA27924642CB500A02DDC /* Info.plist */,
				A05824402498B86F0006E2D1 /* Model */,
				A01FA29C24642FEA00A02DDC /* Encoder */,
				A01FA29524642FEA00A02DDC /* Extension */,
				A01FA28B24642FEA00A02DDC /* ISO */,
				A01FA28024642FEA00A02DDC /* Util */,
			);
			path = Sources;
			sourceTree = "<group>";
		};
		A01FA28024642FEA00A02DDC /* Util */ = {
			isa = PBXGroup;
			children = (
				A01FA28224642FEA00A02DDC /* VTCompressionPropertyKey.swift */,
				A01FA28324642FEA00A02DDC /* VTProfileLevel.swift */,
				A01FA28424642FEA00A02DDC /* VTScalingMode.swift */,
			);
			path = Util;
			sourceTree = "<group>";
		};
		A01FA28B24642FEA00A02DDC /* ISO */ = {
			isa = PBXGroup;
			children = (
				A01FA28C24642FEA00A02DDC /* Video */,
				A01FA29024642FEA00A02DDC /* Audio */,
			);
			path = ISO;
			sourceTree = "<group>";
		};
		A01FA28C24642FEA00A02DDC /* Video */ = {
			isa = PBXGroup;
			children = (
				A01FA28D24642FEA00A02DDC /* AVCDecoderConfigurationRecord.swift */,
				A01FA28F24642FEA00A02DDC /* HEVCDecoderConfigurationRecord.swift */,
			);
			path = Video;
			sourceTree = "<group>";
		};
		A01FA29024642FEA00A02DDC /* Audio */ = {
			isa = PBXGroup;
			children = (
				A01FA29124642FEA00A02DDC /* ChannelConfiguration.swift */,
				A01FA29224642FEA00A02DDC /* AudioSpecificConfig.swift */,
				A01FA29324642FEA00A02DDC /* AudioObjectType.swift */,
				A01FA29424642FEA00A02DDC /* SamplingFrequency.swift */,
			);
			path = Audio;
			sourceTree = "<group>";
		};
		A01FA29524642FEA00A02DDC /* Extension */ = {
			isa = PBXGroup;
			children = (
				A01FA29624642FEA00A02DDC /* Ex+CMFormatDescription.swift */,
				A01FA29724642FEA00A02DDC /* Ex+Bool.swift */,
				A01FA29824642FEA00A02DDC /* Ex+CMBlockBuffer.swift */,
				A01FA29924642FEA00A02DDC /* Ex+AudioStreamBasicDescription.swift */,
				A01FA29A24642FEA00A02DDC /* Ex+VTCompressionSession.swift */,
				A01FA29B24642FEA00A02DDC /* Ex+CMSampleBuffer.swift */,
			);
			path = Extension;
			sourceTree = "<group>";
		};
		A01FA29C24642FEA00A02DDC /* Encoder */ = {
			isa = PBXGroup;
			children = (
				A01FA29F24642FEA00A02DDC /* H264Encoder.swift */,
			);
			path = Encoder;
			sourceTree = "<group>";
		};
		A05824402498B86F0006E2D1 /* Model */ = {
			isa = PBXGroup;
			children = (
				A05824412498B8750006E2D1 /* Buffer */,
			);
			path = Model;
			sourceTree = "<group>";
		};
		A05824412498B8750006E2D1 /* Buffer */ = {
			isa = PBXGroup;
			children = (
				A05824472498B8860006E2D1 /* MediaBuffer.swift */,
				A05824442498B8860006E2D1 /* AudioBuffer.swift */,
				A05824422498B8860006E2D1 /* AudioPCMBuffer.swift */,
				A05824462498B8860006E2D1 /* AudioAACBuffer.swift */,
				A05824432498B8860006E2D1 /* VideoBuffer.swift */,
				A05824482498B8860006E2D1 /* VideoPixelBuffer.swift */,
				A05824452498B8860006E2D1 /* VideoH264Buffer.swift */,
			);
			path = Buffer;
			sourceTree = "<group>";
		};
		EA43EC27BAC6D0A1CE025446 /* Frameworks */ = {
			isa = PBXGroup;
			children = (
				4121FA1A3E6A5C75040E0763 /* Pods_AnyMediaToolbox.framework */,
			);
			name = Frameworks;
			sourceTree = "<group>";
		};
/* End PBXGroup section */

/* Begin PBXHeadersBuildPhase section */
		A01FA27024642CB500A02DDC /* Headers */ = {
			isa = PBXHeadersBuildPhase;
			buildActionMask = 2147483647;
			files = (
				A01FA27A24642CB500A02DDC /* AnyMediaToolbox.h in Headers */,
			);
			runOnlyForDeploymentPostprocessing = 0;
		};
/* End PBXHeadersBuildPhase section */

/* Begin PBXNativeTarget section */
		A01FA27424642CB500A02DDC /* AnyMediaToolbox */ = {
			isa = PBXNativeTarget;
			buildConfigurationList = A01FA27D24642CB500A02DDC /* Build configuration list for PBXNativeTarget "AnyMediaToolbox" */;
			buildPhases = (
				B25C120167D7AF69D7795BA6 /* [CP] Check Pods Manifest.lock */,
				A01FA27024642CB500A02DDC /* Headers */,
				A01FA27124642CB500A02DDC /* Sources */,
				A01FA27224642CB500A02DDC /* Frameworks */,
				A01FA27324642CB500A02DDC /* Resources */,
			);
			buildRules = (
			);
			dependencies = (
			);
			name = AnyMediaToolbox;
			productName = AnyMediaToolbox;
			productReference = A01FA27524642CB500A02DDC /* AnyMediaToolbox.framework */;
			productType = "com.apple.product-type.framework";
		};
/* End PBXNativeTarget section */

/* Begin PBXProject section */
		A01FA26C24642CB500A02DDC /* Project object */ = {
			isa = PBXProject;
			attributes = {
				LastUpgradeCheck = 1140;
				ORGANIZATIONNAME = anotheren.com;
				TargetAttributes = {
					A01FA27424642CB500A02DDC = {
						CreatedOnToolsVersion = 11.4.1;
					};
				};
			};
			buildConfigurationList = A01FA26F24642CB500A02DDC /* Build configuration list for PBXProject "AnyMediaToolbox" */;
			compatibilityVersion = "Xcode 9.3";
			developmentRegion = en;
			hasScannedForEncodings = 0;
			knownRegions = (
				en,
				Base,
			);
			mainGroup = A01FA26B24642CB500A02DDC;
			productRefGroup = A01FA27624642CB500A02DDC /* Products */;
			projectDirPath = "";
			projectRoot = "";
			targets = (
				A01FA27424642CB500A02DDC /* AnyMediaToolbox */,
			);
		};
/* End PBXProject section */

/* Begin PBXResourcesBuildPhase section */
		A01FA27324642CB500A02DDC /* Resources */ = {
			isa = PBXResourcesBuildPhase;
			buildActionMask = 2147483647;
			files = (
			);
			runOnlyForDeploymentPostprocessing = 0;
		};
/* End PBXResourcesBuildPhase section */

/* Begin PBXShellScriptBuildPhase section */
		B25C120167D7AF69D7795BA6 /* [CP] Check Pods Manifest.lock */ = {
			isa = PBXShellScriptBuildPhase;
			buildActionMask = 2147483647;
			files = (
			);
			inputFileListPaths = (
			);
			inputPaths = (
				"${PODS_PODFILE_DIR_PATH}/Podfile.lock",
				"${PODS_ROOT}/Manifest.lock",
			);
			name = "[CP] Check Pods Manifest.lock";
			outputFileListPaths = (
			);
			outputPaths = (
				"$(DERIVED_FILE_DIR)/Pods-AnyMediaToolbox-checkManifestLockResult.txt",
			);
			runOnlyForDeploymentPostprocessing = 0;
			shellPath = /bin/sh;
			shellScript = "diff \"${PODS_PODFILE_DIR_PATH}/Podfile.lock\" \"${PODS_ROOT}/Manifest.lock\" > /dev/null\nif [ $? != 0 ] ; then\n    # print error to STDERR\n    echo \"error: The sandbox is not in sync with the Podfile.lock. Run 'pod install' or update your CocoaPods installation.\" >&2\n    exit 1\nfi\n# This output is used by Xcode 'outputs' to avoid re-running this script phase.\necho \"SUCCESS\" > \"${SCRIPT_OUTPUT_FILE_0}\"\n";
			showEnvVarsInLog = 0;
		};
/* End PBXShellScriptBuildPhase section */

/* Begin PBXSourcesBuildPhase section */
		A01FA27124642CB500A02DDC /* Sources */ = {
			isa = PBXSourcesBuildPhase;
			buildActionMask = 2147483647;
			files = (
				A058244E2498B8860006E2D1 /* MediaBuffer.swift in Sources */,
				A01FA2A224642FEA00A02DDC /* VTScalingMode.swift in Sources */,
				A01FA2AD24642FEA00A02DDC /* SamplingFrequency.swift in Sources */,
				A01FA2AC24642FEA00A02DDC /* AudioObjectType.swift in Sources */,
				A058244F2498B8860006E2D1 /* VideoPixelBuffer.swift in Sources */,
				A058244C2498B8860006E2D1 /* VideoH264Buffer.swift in Sources */,
				A01FA2B224642FEA00A02DDC /* Ex+VTCompressionSession.swift in Sources */,
				A058244B2498B8860006E2D1 /* AudioBuffer.swift in Sources */,
				A01FA2B024642FEA00A02DDC /* Ex+CMBlockBuffer.swift in Sources */,
				A01FA2B324642FEA00A02DDC /* Ex+CMSampleBuffer.swift in Sources */,
				A01FA2AB24642FEA00A02DDC /* AudioSpecificConfig.swift in Sources */,
				A05824492498B8860006E2D1 /* AudioPCMBuffer.swift in Sources */,
				A01FA2AA24642FEA00A02DDC /* ChannelConfiguration.swift in Sources */,
				A01FA2A124642FEA00A02DDC /* VTProfileLevel.swift in Sources */,
				A01FA2A724642FEA00A02DDC /* AVCDecoderConfigurationRecord.swift in Sources */,
				A01FA2AE24642FEA00A02DDC /* Ex+CMFormatDescription.swift in Sources */,
				A058244D2498B8860006E2D1 /* AudioAACBuffer.swift in Sources */,
				A01FA2B124642FEA00A02DDC /* Ex+AudioStreamBasicDescription.swift in Sources */,
				A01FA2AF24642FEA00A02DDC /* Ex+Bool.swift in Sources */,
				A058244A2498B8860006E2D1 /* VideoBuffer.swift in Sources */,
				A01FA2B524642FEA00A02DDC /* H264Encoder.swift in Sources */,
				A01FA2A024642FEA00A02DDC /* VTCompressionPropertyKey.swift in Sources */,
				A01FA2A924642FEA00A02DDC /* HEVCDecoderConfigurationRecord.swift in Sources */,
			);
			runOnlyForDeploymentPostprocessing = 0;
		};
/* End PBXSourcesBuildPhase section */

/* Begin XCBuildConfiguration section */
		A01FA27B24642CB500A02DDC /* Debug */ = {
			isa = XCBuildConfiguration;
			buildSettings = {
				ALWAYS_SEARCH_USER_PATHS = NO;
				CLANG_ANALYZER_NONNULL = YES;
				CLANG_ANALYZER_NUMBER_OBJECT_CONVERSION = YES_AGGRESSIVE;
				CLANG_CXX_LANGUAGE_STANDARD = "gnu++14";
				CLANG_CXX_LIBRARY = "libc++";
				CLANG_ENABLE_MODULES = YES;
				CLANG_ENABLE_OBJC_ARC = YES;
				CLANG_ENABLE_OBJC_WEAK = YES;
				CLANG_WARN_BLOCK_CAPTURE_AUTORELEASING = YES;
				CLANG_WARN_BOOL_CONVERSION = YES;
				CLANG_WARN_COMMA = YES;
				CLANG_WARN_CONSTANT_CONVERSION = YES;
				CLANG_WARN_DEPRECATED_OBJC_IMPLEMENTATIONS = YES;
				CLANG_WARN_DIRECT_OBJC_ISA_USAGE = YES_ERROR;
				CLANG_WARN_DOCUMENTATION_COMMENTS = YES;
				CLANG_WARN_EMPTY_BODY = YES;
				CLANG_WARN_ENUM_CONVERSION = YES;
				CLANG_WARN_INFINITE_RECURSION = YES;
				CLANG_WARN_INT_CONVERSION = YES;
				CLANG_WARN_NON_LITERAL_NULL_CONVERSION = YES;
				CLANG_WARN_OBJC_IMPLICIT_RETAIN_SELF = YES;
				CLANG_WARN_OBJC_LITERAL_CONVERSION = YES;
				CLANG_WARN_OBJC_ROOT_CLASS = YES_ERROR;
				CLANG_WARN_RANGE_LOOP_ANALYSIS = YES;
				CLANG_WARN_STRICT_PROTOTYPES = YES;
				CLANG_WARN_SUSPICIOUS_MOVE = YES;
				CLANG_WARN_UNGUARDED_AVAILABILITY = YES_AGGRESSIVE;
				CLANG_WARN_UNREACHABLE_CODE = YES;
				CLANG_WARN__DUPLICATE_METHOD_MATCH = YES;
				COPY_PHASE_STRIP = NO;
				CURRENT_PROJECT_VERSION = 1;
				DEBUG_INFORMATION_FORMAT = dwarf;
				ENABLE_STRICT_OBJC_MSGSEND = YES;
				ENABLE_TESTABILITY = YES;
				GCC_C_LANGUAGE_STANDARD = gnu11;
				GCC_DYNAMIC_NO_PIC = NO;
				GCC_NO_COMMON_BLOCKS = YES;
				GCC_OPTIMIZATION_LEVEL = 0;
				GCC_PREPROCESSOR_DEFINITIONS = (
					"DEBUG=1",
					"$(inherited)",
				);
				GCC_WARN_64_TO_32_BIT_CONVERSION = YES;
				GCC_WARN_ABOUT_RETURN_TYPE = YES_ERROR;
				GCC_WARN_UNDECLARED_SELECTOR = YES;
				GCC_WARN_UNINITIALIZED_AUTOS = YES_AGGRESSIVE;
				GCC_WARN_UNUSED_FUNCTION = YES;
				GCC_WARN_UNUSED_VARIABLE = YES;
				IPHONEOS_DEPLOYMENT_TARGET = 13.0;
				MTL_ENABLE_DEBUG_INFO = INCLUDE_SOURCE;
				MTL_FAST_MATH = YES;
				ONLY_ACTIVE_ARCH = YES;
				SDKROOT = iphoneos;
				SWIFT_ACTIVE_COMPILATION_CONDITIONS = DEBUG;
				SWIFT_OPTIMIZATION_LEVEL = "-Onone";
				VERSIONING_SYSTEM = "apple-generic";
				VERSION_INFO_PREFIX = "";
			};
			name = Debug;
		};
		A01FA27C24642CB500A02DDC /* Release */ = {
			isa = XCBuildConfiguration;
			buildSettings = {
				ALWAYS_SEARCH_USER_PATHS = NO;
				CLANG_ANALYZER_NONNULL = YES;
				CLANG_ANALYZER_NUMBER_OBJECT_CONVERSION = YES_AGGRESSIVE;
				CLANG_CXX_LANGUAGE_STANDARD = "gnu++14";
				CLANG_CXX_LIBRARY = "libc++";
				CLANG_ENABLE_MODULES = YES;
				CLANG_ENABLE_OBJC_ARC = YES;
				CLANG_ENABLE_OBJC_WEAK = YES;
				CLANG_WARN_BLOCK_CAPTURE_AUTORELEASING = YES;
				CLANG_WARN_BOOL_CONVERSION = YES;
				CLANG_WARN_COMMA = YES;
				CLANG_WARN_CONSTANT_CONVERSION = YES;
				CLANG_WARN_DEPRECATED_OBJC_IMPLEMENTATIONS = YES;
				CLANG_WARN_DIRECT_OBJC_ISA_USAGE = YES_ERROR;
				CLANG_WARN_DOCUMENTATION_COMMENTS = YES;
				CLANG_WARN_EMPTY_BODY = YES;
				CLANG_WARN_ENUM_CONVERSION = YES;
				CLANG_WARN_INFINITE_RECURSION = YES;
				CLANG_WARN_INT_CONVERSION = YES;
				CLANG_WARN_NON_LITERAL_NULL_CONVERSION = YES;
				CLANG_WARN_OBJC_IMPLICIT_RETAIN_SELF = YES;
				CLANG_WARN_OBJC_LITERAL_CONVERSION = YES;
				CLANG_WARN_OBJC_ROOT_CLASS = YES_ERROR;
				CLANG_WARN_RANGE_LOOP_ANALYSIS = YES;
				CLANG_WARN_STRICT_PROTOTYPES = YES;
				CLANG_WARN_SUSPICIOUS_MOVE = YES;
				CLANG_WARN_UNGUARDED_AVAILABILITY = YES_AGGRESSIVE;
				CLANG_WARN_UNREACHABLE_CODE = YES;
				CLANG_WARN__DUPLICATE_METHOD_MATCH = YES;
				COPY_PHASE_STRIP = NO;
				CURRENT_PROJECT_VERSION = 1;
				DEBUG_INFORMATION_FORMAT = "dwarf-with-dsym";
				ENABLE_NS_ASSERTIONS = NO;
				ENABLE_STRICT_OBJC_MSGSEND = YES;
				GCC_C_LANGUAGE_STANDARD = gnu11;
				GCC_NO_COMMON_BLOCKS = YES;
				GCC_WARN_64_TO_32_BIT_CONVERSION = YES;
				GCC_WARN_ABOUT_RETURN_TYPE = YES_ERROR;
				GCC_WARN_UNDECLARED_SELECTOR = YES;
				GCC_WARN_UNINITIALIZED_AUTOS = YES_AGGRESSIVE;
				GCC_WARN_UNUSED_FUNCTION = YES;
				GCC_WARN_UNUSED_VARIABLE = YES;
				IPHONEOS_DEPLOYMENT_TARGET = 13.0;
				MTL_ENABLE_DEBUG_INFO = NO;
				MTL_FAST_MATH = YES;
				SDKROOT = iphoneos;
				SWIFT_COMPILATION_MODE = wholemodule;
				SWIFT_OPTIMIZATION_LEVEL = "-O";
				VALIDATE_PRODUCT = YES;
				VERSIONING_SYSTEM = "apple-generic";
				VERSION_INFO_PREFIX = "";
			};
			name = Release;
		};
		A01FA27E24642CB500A02DDC /* Debug */ = {
			isa = XCBuildConfiguration;
			baseConfigurationReference = AF14851C3C115F58F6236B3B /* Pods-AnyMediaToolbox.debug.xcconfig */;
			buildSettings = {
				APPLICATION_EXTENSION_API_ONLY = YES;
				CODE_SIGN_STYLE = Automatic;
				DEFINES_MODULE = YES;
				DEVELOPMENT_TEAM = 7SA22A9L3L;
				DYLIB_COMPATIBILITY_VERSION = 1;
				DYLIB_CURRENT_VERSION = 1;
				DYLIB_INSTALL_NAME_BASE = "@rpath";
				INFOPLIST_FILE = Sources/Info.plist;
				INSTALL_PATH = "$(LOCAL_LIBRARY_DIR)/Frameworks";
				IPHONEOS_DEPLOYMENT_TARGET = 10.0;
				LD_RUNPATH_SEARCH_PATHS = (
					"$(inherited)",
					"@executable_path/Frameworks",
					"@loader_path/Frameworks",
				);
				MARKETING_VERSION = 1.0.0;
				PRODUCT_BUNDLE_IDENTIFIER = com.anotheren.AnyMediaToolbox;
				PRODUCT_NAME = "$(TARGET_NAME:c99extidentifier)";
				SKIP_INSTALL = YES;
				SWIFT_VERSION = 5.0;
				TARGETED_DEVICE_FAMILY = "1,2";
			};
			name = Debug;
		};
		A01FA27F24642CB500A02DDC /* Release */ = {
			isa = XCBuildConfiguration;
			baseConfigurationReference = 07AA2F2F73498914EA64D4BA /* Pods-AnyMediaToolbox.release.xcconfig */;
			buildSettings = {
				APPLICATION_EXTENSION_API_ONLY = YES;
				CODE_SIGN_STYLE = Automatic;
				DEFINES_MODULE = YES;
				DEVELOPMENT_TEAM = 7SA22A9L3L;
				DYLIB_COMPATIBILITY_VERSION = 1;
				DYLIB_CURRENT_VERSION = 1;
				DYLIB_INSTALL_NAME_BASE = "@rpath";
				INFOPLIST_FILE = Sources/Info.plist;
				INSTALL_PATH = "$(LOCAL_LIBRARY_DIR)/Frameworks";
				IPHONEOS_DEPLOYMENT_TARGET = 10.0;
				LD_RUNPATH_SEARCH_PATHS = (
					"$(inherited)",
					"@executable_path/Frameworks",
					"@loader_path/Frameworks",
				);
				MARKETING_VERSION = 1.0.0;
				PRODUCT_BUNDLE_IDENTIFIER = com.anotheren.AnyMediaToolbox;
				PRODUCT_NAME = "$(TARGET_NAME:c99extidentifier)";
				SKIP_INSTALL = YES;
				SWIFT_VERSION = 5.0;
				TARGETED_DEVICE_FAMILY = "1,2";
			};
			name = Release;
		};
/* End XCBuildConfiguration section */

/* Begin XCConfigurationList section */
		A01FA26F24642CB500A02DDC /* Build configuration list for PBXProject "AnyMediaToolbox" */ = {
			isa = XCConfigurationList;
			buildConfigurations = (
				A01FA27B24642CB500A02DDC /* Debug */,
				A01FA27C24642CB500A02DDC /* Release */,
			);
			defaultConfigurationIsVisible = 0;
			defaultConfigurationName = Release;
		};
		A01FA27D24642CB500A02DDC /* Build configuration list for PBXNativeTarget "AnyMediaToolbox" */ = {
			isa = XCConfigurationList;
			buildConfigurations = (
				A01FA27E24642CB500A02DDC /* Debug */,
				A01FA27F24642CB500A02DDC /* Release */,
			);
			defaultConfigurationIsVisible = 0;
			defaultConfigurationName = Release;
		};
/* End XCConfigurationList section */
	};
	rootObject = A01FA26C24642CB500A02DDC /* Project object */;
}
